
Microsoft Visual Studio Solution File, Format Version 12.00
# Visual Studio Version 16
VisualStudioVersion = 16.0.28803.202
MinimumVisualStudioVersion = 10.0.40219.1
Project("{FAE04EC0-301F-11D3-BF4B-00C04F79EFBC}") = "LoadingFormsViewDemo.UWP", "LoadingFormsViewDemo\LoadingFormsViewDemo.UWP\LoadingFormsViewDemo.UWP.csproj", "{B1BE6400-B507-414A-91BF-DE6C20FE9E4F}"
EndProject
Project("{FAE04EC0-301F-11D3-BF4B-00C04F79EFBC}") = "LoadingFormsViewDemo.Android", "LoadingFormsViewDemo\LoadingFormsViewDemo.Android\LoadingFormsViewDemo.Android.csproj", "{4AAEA307-AB9B-401E-ABBC-7989A91A1EB0}"
EndProject
Project("{FAE04EC0-301F-11D3-BF4B-00C04F79EFBC}") = "LoadingFormsViewDemo.iOS", "LoadingFormsViewDemo\LoadingFormsViewDemo.iOS\LoadingFormsViewDemo.iOS.csproj", "{877F70F3-C59C-4400-B85F-85003389AB52}"
EndProject
Project("{FAE04EC0-301F-11D3-BF4B-00C04F79EFBC}") = "LoadingFormsViewDemo", "LoadingFormsViewDemo\LoadingFormsViewDemo\LoadingFormsViewDemo.csproj", "{BD60EFF9-DD0D-4885-9DDA-1DC941C3E566}"
EndProject
Global
	GlobalSection(SolutionConfigurationPlatforms) = preSolution
		Debug|Any CPU = Debug|Any CPU
		Debug|ARM = Debug|ARM
		Debug|iPhone = Debug|iPhone
		Debug|iPhoneSimulator = Debug|iPhoneSimulator
		Debug|x64 = Debug|x64
		Debug|x86 = Debug|x86
		Release|Any CPU = Release|Any CPU
		Release|ARM = Release|ARM
		Release|iPhone = Release|iPhone
		Release|iPhoneSimulator = Release|iPhoneSimulator
		Release|x64 = Release|x64
		Release|x86 = Release|x86
	EndGlobalSection
	GlobalSection(ProjectConfigurationPlatforms) = postSolution
		{B1BE6400-B507-414A-91BF-DE6C20FE9E4F}.Debug|Any CPU.ActiveCfg = Debug|x86
		{B1BE6400-B507-414A-91BF-DE6C20FE9E4F}.Debug|Any CPU.Build.0 = Debug|x86
		{B1BE6400-B507-414A-91BF-DE6C20FE9E4F}.Debug|Any CPU.Deploy.0 = Debug|x86
		{B1BE6400-B507-414A-91BF-DE6C20FE9E4F}.Debug|ARM.ActiveCfg = Debug|ARM
		{B1BE6400-B507-414A-91BF-DE6C20FE9E4F}.Debug|ARM.Build.0 = Debug|ARM
		{B1BE6400-B507-414A-91BF-DE6C20FE9E4F}.Debug|ARM.Deploy.0 = Debug|ARM
		{B1BE6400-B507-414A-91BF-DE6C20FE9E4F}.Debug|iPhone.ActiveCfg = Debug|x86
		{B1BE6400-B507-414A-91BF-DE6C20FE9E4F}.Debug|iPhone.Build.0 = Debug|x86
		{B1BE6400-B507-414A-91BF-DE6C20FE9E4F}.Debug|iPhone.Deploy.0 = Debug|x86
		{B1BE6400-B507-414A-91BF-DE6C20FE9E4F}.Debug|iPhoneSimulator.ActiveCfg = Debug|x86
		{B1BE6400-B507-414A-91BF-DE6C20FE9E4F}.Debug|iPhoneSimulator.Build.0 = Debug|x86
		{B1BE6400-B507-414A-91BF-DE6C20FE9E4F}.Debug|iPhoneSimulator.Deploy.0 = Debug|x86
		{B1BE6400-B507-414A-91BF-DE6C20FE9E4F}.Debug|x64.ActiveCfg = Debug|x64
		{B1BE6400-B507-414A-91BF-DE6C20FE9E4F}.Debug|x64.Build.0 = Debug|x64
		{B1BE6400-B507-414A-91BF-DE6C20FE9E4F}.Debug|x64.Deploy.0 = Debug|x64
		{B1BE6400-B507-414A-91BF-DE6C20FE9E4F}.Debug|x86.ActiveCfg = Debug|x86
		{B1BE6400-B507-414A-91BF-DE6C20FE9E4F}.Debug|x86.Build.0 = Debug|x86
		{B1BE6400-B507-414A-91BF-DE6C20FE9E4F}.Debug|x86.Deploy.0 = Debug|x86
		{B1BE6400-B507-414A-91BF-DE6C20FE9E4F}.Release|Any CPU.ActiveCfg = Release|x86
		{B1BE6400-B507-414A-91BF-DE6C20FE9E4F}.Release|Any CPU.Build.0 = Release|x86
		{B1BE6400-B507-414A-91BF-DE6C20FE9E4F}.Release|Any CPU.Deploy.0 = Release|x86
		{B1BE6400-B507-414A-91BF-DE6C20FE9E4F}.Release|ARM.ActiveCfg = Release|ARM
		{B1BE6400-B507-414A-91BF-DE6C20FE9E4F}.Release|ARM.Build.0 = Release|ARM
		{B1BE6400-B507-414A-91BF-DE6C20FE9E4F}.Release|ARM.Deploy.0 = Release|ARM
		{B1BE6400-B507-414A-91BF-DE6C20FE9E4F}.Release|iPhone.ActiveCfg = Release|x86
		{B1BE6400-B507-414A-91BF-DE6C20FE9E4F}.Release|iPhone.Build.0 = Release|x86
		{B1BE6400-B507-414A-91BF-DE6C20FE9E4F}.Release|iPhone.Deploy.0 = Release|x86
		{B1BE6400-B507-414A-91BF-DE6C20FE9E4F}.Release|iPhoneSimulator.ActiveCfg = Release|x86
		{B1BE6400-B507-414A-91BF-DE6C20FE9E4F}.Release|iPhoneSimulator.Build.0 = Release|x86
		{B1BE6400-B507-414A-91BF-DE6C20FE9E4F}.Release|iPhoneSimulator.Deploy.0 = Release|x86
		{B1BE6400-B507-414A-91BF-DE6C20FE9E4F}.Release|x64.ActiveCfg = Release|x64
		{B1BE6400-B507-414A-91BF-DE6C20FE9E4F}.Release|x64.Build.0 = Release|x64
		{B1BE6400-B507-414A-91BF-DE6C20FE9E4F}.Release|x64.Deploy.0 = Release|x64
		{B1BE6400-B507-414A-91BF-DE6C20FE9E4F}.Release|x86.ActiveCfg = Release|x86
		{B1BE6400-B507-414A-91BF-DE6C20FE9E4F}.Release|x86.Build.0 = Release|x86
		{B1BE6400-B507-414A-91BF-DE6C20FE9E4F}.Release|x86.Deploy.0 = Release|x86
		{4AAEA307-AB9B-401E-ABBC-7989A91A1EB0}.Debug|Any CPU.ActiveCfg = Debug|Any CPU
		{4AAEA307-AB9B-401E-ABBC-7989A91A1EB0}.Debug|Any CPU.Build.0 = Debug|Any CPU
		{4AAEA307-AB9B-401E-ABBC-7989A91A1EB0}.Debug|Any CPU.Deploy.0 = Debug|Any CPU
		{4AAEA307-AB9B-401E-ABBC-7989A91A1EB0}.Debug|ARM.ActiveCfg = Debug|Any CPU
		{4AAEA307-AB9B-401E-ABBC-7989A91A1EB0}.Debug|ARM.Build.0 = Debug|Any CPU
		{4AAEA307-AB9B-401E-ABBC-7989A91A1EB0}.Debug|ARM.Deploy.0 = Debug|Any CPU
		{4AAEA307-AB9B-401E-ABBC-7989A91A1EB0}.Debug|iPhone.ActiveCfg = Debug|Any CPU
		{4AAEA307-AB9B-401E-ABBC-7989A91A1EB0}.Debug|iPhone.Build.0 = Debug|Any CPU
		{4AAEA307-AB9B-401E-ABBC-7989A91A1EB0}.Debug|iPhone.Deploy.0 = Debug|Any CPU
		{4AAEA307-AB9B-401E-ABBC-7989A91A1EB0}.Debug|iPhoneSimulator.ActiveCfg = Debug|Any CPU
		{4AAEA307-AB9B-401E-ABBC-7989A91A1EB0}.Debug|iPhoneSimulator.Build.0 = Debug|Any CPU
		{4AAEA307-AB9B-401E-ABBC-7989A91A1EB0}.Debug|iPhoneSimulator.Deploy.0 = Debug|Any CPU
		{4AAEA307-AB9B-401E-ABBC-7989A91A1EB0}.Debug|x64.ActiveCfg = Debug|Any CPU
		{4AAEA307-AB9B-401E-ABBC-7989A91A1EB0}.Debug|x64.Build.0 = Debug|Any CPU
		{4AAEA307-AB9B-401E-ABBC-7989A91A1EB0}.Debug|x64.Deploy.0 = Debug|Any CPU
		{4AAEA307-AB9B-401E-ABBC-7989A91A1EB0}.Debug|x86.ActiveCfg = Debug|Any CPU
		{4AAEA307-AB9B-401E-ABBC-7989A91A1EB0}.Debug|x86.Build.0 = Debug|Any CPU
		{4AAEA307-AB9B-401E-ABBC-7989A91A1EB0}.Debug|x86.Deploy.0 = Debug|Any CPU
		{4AAEA307-AB9B-401E-ABBC-7989A91A1EB0}.Release|Any CPU.ActiveCfg = Release|Any CPU
		{4AAEA307-AB9B-401E-ABBC-7989A91A1EB0}.Release|Any CPU.Build.0 = Release|Any CPU
		{4AAEA307-AB9B-401E-ABBC-7989A91A1EB0}.Release|Any CPU.Deploy.0 = Release|Any CPU
		{4AAEA307-AB9B-401E-ABBC-7989A91A1EB0}.Release|ARM.ActiveCfg = Release|Any CPU
		{4AAEA307-AB9B-401E-ABBC-7989A91A1EB0}.Release|ARM.Build.0 = Release|Any CPU
		{4AAEA307-AB9B-401E-ABBC-7989A91A1EB0}.Release|ARM.Deploy.0 = Release|Any CPU
		{4AAEA307-AB9B-401E-ABBC-7989A91A1EB0}.Release|iPhone.ActiveCfg = Release|Any CPU
		{4AAEA307-AB9B-401E-ABBC-7989A91A1EB0}.Release|iPhone.Build.0 = Release|Any CPU
		{4AAEA307-AB9B-401E-ABBC-7989A91A1EB0}.Release|iPhone.Deploy.0 = Release|Any CPU
		{4AAEA307-AB9B-401E-ABBC-7989A91A1EB0}.Release|iPhoneSimulator.ActiveCfg = Release|Any CPU
		{4AAEA307-AB9B-401E-ABBC-7989A91A1EB0}.Release|iPhoneSimulator.Build.0 = Release|Any CPU
		{4AAEA307-AB9B-401E-ABBC-7989A91A1EB0}.Release|iPhoneSimulator.Deploy.0 = Release|Any CPU
		{4AAEA307-AB9B-401E-ABBC-7989A91A1EB0}.Release|x64.ActiveCfg = Release|Any CPU
		{4AAEA307-AB9B-401E-ABBC-7989A91A1EB0}.Release|x64.Build.0 = Release|Any CPU
		{4AAEA307-AB9B-401E-ABBC-7989A91A1EB0}.Release|x64.Deploy.0 = Release|Any CPU
		{4AAEA307-AB9B-401E-ABBC-7989A91A1EB0}.Release|x86.ActiveCfg = Release|Any CPU
		{4AAEA307-AB9B-401E-ABBC-7989A91A1EB0}.Release|x86.Build.0 = Release|Any CPU
		{4AAEA307-AB9B-401E-ABBC-7989A91A1EB0}.Release|x86.Deploy.0 = Release|Any CPU
		{877F70F3-C59C-4400-B85F-85003389AB52}.Debug|Any CPU.ActiveCfg = Debug|iPhone
		{877F70F3-C59C-4400-B85F-85003389AB52}.Debug|Any CPU.Build.0 = Debug|iPhone
		{877F70F3-C59C-4400-B85F-85003389AB52}.Debug|Any CPU.Deploy.0 = Debug|iPhone
		{877F70F3-C59C-4400-B85F-85003389AB52}.Debug|ARM.ActiveCfg = Debug|iPhoneSimulator
		{877F70F3-C59C-4400-B85F-85003389AB52}.Debug|ARM.Build.0 = Debug|iPhoneSimulator
		{877F70F3-C59C-4400-B85F-85003389AB52}.Debug|ARM.Deploy.0 = Debug|iPhoneSimulator
		{877F70F3-C59C-4400-B85F-85003389AB52}.Debug|iPhone.ActiveCfg = Debug|iPhone
		{877F70F3-C59C-4400-B85F-85003389AB52}.Debug|iPhone.Build.0 = Debug|iPhone
		{877F70F3-C59C-4400-B85F-85003389AB52}.Debug|iPhone.Deploy.0 = Debug|iPhone
		{877F70F3-C59C-4400-B85F-85003389AB52}.Debug|iPhoneSimulator.ActiveCfg = Debug|iPhoneSimulator
		{877F70F3-C59C-4400-B85F-85003389AB52}.Debug|iPhoneSimulator.Build.0 = Debug|iPhoneSimulator
		{877F70F3-C59C-4400-B85F-85003389AB52}.Debug|iPhoneSimulator.Deploy.0 = Debug|iPhoneSimulator
		{877F70F3-C59C-4400-B85F-85003389AB52}.Debug|x64.ActiveCfg = Debug|iPhone
		{877F70F3-C59C-4400-B85F-85003389AB52}.Debug|x64.Build.0 = Debug|iPhone
		{877F70F3-C59C-4400-B85F-85003389AB52}.Debug|x64.Deploy.0 = Debug|iPhone
		{877F70F3-C59C-4400-B85F-85003389AB52}.Debug|x86.ActiveCfg = Debug|iPhone
		{877F70F3-C59C-4400-B85F-85003389AB52}.Debug|x86.Build.0 = Debug|iPhone
		{877F70F3-C59C-4400-B85F-85003389AB52}.Debug|x86.Deploy.0 = Debug|iPhone
		{877F70F3-C59C-4400-B85F-85003389AB52}.Release|Any CPU.ActiveCfg = Release|iPhone
		{877F70F3-C59C-4400-B85F-85003389AB52}.Release|Any CPU.Build.0 = Release|iPhone
		{877F70F3-C59C-4400-B85F-85003389AB52}.Release|Any CPU.Deploy.0 = Release|iPhone
		{877F70F3-C59C-4400-B85F-85003389AB52}.Release|ARM.ActiveCfg = Release|iPhone
		{877F70F3-C59C-4400-B85F-85003389AB52}.Release|ARM.Build.0 = Release|iPhone
		{877F70F3-C59C-4400-B85F-85003389AB52}.Release|ARM.Deploy.0 = Release|iPhone
		{877F70F3-C59C-4400-B85F-85003389AB52}.Release|iPhone.ActiveCfg = Release|iPhone
		{877F70F3-C59C-4400-B85F-85003389AB52}.Release|iPhone.Build.0 = Release|iPhone
		{877F70F3-C59C-4400-B85F-85003389AB52}.Release|iPhone.Deploy.0 = Release|iPhone
		{877F70F3-C59C-4400-B85F-85003389AB52}.Release|iPhoneSimulator.ActiveCfg = Release|iPhoneSimulator
		{877F70F3-C59C-4400-B85F-85003389AB52}.Release|iPhoneSimulator.Build.0 = Release|iPhoneSimulator
		{877F70F3-C59C-4400-B85F-85003389AB52}.Release|iPhoneSimulator.Deploy.0 = Release|iPhoneSimulator
		{877F70F3-C59C-4400-B85F-85003389AB52}.Release|x64.ActiveCfg = Release|iPhone
		{877F70F3-C59C-4400-B85F-85003389AB52}.Release|x64.Build.0 = Release|iPhone
		{877F70F3-C59C-4400-B85F-85003389AB52}.Release|x64.Deploy.0 = Release|iPhone
		{877F70F3-C59C-4400-B85F-85003389AB52}.Release|x86.ActiveCfg = Release|iPhone
		{877F70F3-C59C-4400-B85F-85003389AB52}.Release|x86.Build.0 = Release|iPhone
		{877F70F3-C59C-4400-B85F-85003389AB52}.Release|x86.Deploy.0 = Release|iPhone
		{BD60EFF9-DD0D-4885-9DDA-1DC941C3E566}.Debug|Any CPU.ActiveCfg = Debug|Any CPU
		{BD60EFF9-DD0D-4885-9DDA-1DC941C3E566}.Debug|Any CPU.Build.0 = Debug|Any CPU
		{BD60EFF9-DD0D-4885-9DDA-1DC941C3E566}.Debug|Any CPU.Deploy.0 = Debug|Any CPU
		{BD60EFF9-DD0D-4885-9DDA-1DC941C3E566}.Debug|ARM.ActiveCfg = Debug|Any CPU
		{BD60EFF9-DD0D-4885-9DDA-1DC941C3E566}.Debug|ARM.Build.0 = Debug|Any CPU
		{BD60EFF9-DD0D-4885-9DDA-1DC941C3E566}.Debug|ARM.Deploy.0 = Debug|Any CPU
		{BD60EFF9-DD0D-4885-9DDA-1DC941C3E566}.Debug|iPhone.ActiveCfg = Debug|Any CPU
		{BD60EFF9-DD0D-4885-9DDA-1DC941C3E566}.Debug|iPhone.Build.0 = Debug|Any CPU
		{BD60EFF9-DD0D-4885-9DDA-1DC941C3E566}.Debug|iPhone.Deploy.0 = Debug|Any CPU
		{BD60EFF9-DD0D-4885-9DDA-1DC941C3E566}.Debug|iPhoneSimulator.ActiveCfg = Debug|Any CPU
		{BD60EFF9-DD0D-4885-9DDA-1DC941C3E566}.Debug|iPhoneSimulator.Build.0 = Debug|Any CPU
		{BD60EFF9-DD0D-4885-9DDA-1DC941C3E566}.Debug|iPhoneSimulator.Deploy.0 = Debug|Any CPU
		{BD60EFF9-DD0D-4885-9DDA-1DC941C3E566}.Debug|x64.ActiveCfg = Debug|Any CPU
		{BD60EFF9-DD0D-4885-9DDA-1DC941C3E566}.Debug|x64.Build.0 = Debug|Any CPU
		{BD60EFF9-DD0D-4885-9DDA-1DC941C3E566}.Debug|x64.Deploy.0 = Debug|Any CPU
		{BD60EFF9-DD0D-4885-9DDA-1DC941C3E566}.Debug|x86.ActiveCfg = Debug|Any CPU
		{BD60EFF9-DD0D-4885-9DDA-1DC941C3E566}.Debug|x86.Build.0 = Debug|Any CPU
		{BD60EFF9-DD0D-4885-9DDA-1DC941C3E566}.Debug|x86.Deploy.0 = Debug|Any CPU
		{BD60EFF9-DD0D-4885-9DDA-1DC941C3E566}.Release|Any CPU.ActiveCfg = Release|Any CPU
		{BD60EFF9-DD0D-4885-9DDA-1DC941C3E566}.Release|Any CPU.Build.0 = Release|Any CPU
		{BD60EFF9-DD0D-4885-9DDA-1DC941C3E566}.Release|Any CPU.Deploy.0 = Release|Any CPU
		{BD60EFF9-DD0D-4885-9DDA-1DC941C3E566}.Release|ARM.ActiveCfg = Release|Any CPU
		{BD60EFF9-DD0D-4885-9DDA-1DC941C3E566}.Release|ARM.Build.0 = Release|Any CPU
		{BD60EFF9-DD0D-4885-9DDA-1DC941C3E566}.Release|ARM.Deploy.0 = Release|Any CPU
		{BD60EFF9-DD0D-4885-9DDA-1DC941C3E566}.Release|iPhone.ActiveCfg = Release|Any CPU
		{BD60EFF9-DD0D-4885-9DDA-1DC941C3E566}.Release|iPhone.Build.0 = Release|Any CPU
		{BD60EFF9-DD0D-4885-9DDA-1DC941C3E566}.Release|iPhone.Deploy.0 = Release|Any CPU
		{BD60EFF9-DD0D-4885-9DDA-1DC941C3E566}.Release|iPhoneSimulator.ActiveCfg = Release|Any CPU
		{BD60EFF9-DD0D-4885-9DDA-1DC941C3E566}.Release|iPhoneSimulator.Build.0 = Release|Any CPU
		{BD60EFF9-DD0D-4885-9DDA-1DC941C3E566}.Release|iPhoneSimulator.Deploy.0 = Release|Any CPU
		{BD60EFF9-DD0D-4885-9DDA-1DC941C3E566}.Release|x64.ActiveCfg = Release|Any CPU
		{BD60EFF9-DD0D-4885-9DDA-1DC941C3E566}.Release|x64.Build.0 = Release|Any CPU
		{BD60EFF9-DD0D-4885-9DDA-1DC941C3E566}.Release|x64.Deploy.0 = Release|Any CPU
		{BD60EFF9-DD0D-4885-9DDA-1DC941C3E566}.Release|x86.ActiveCfg = Release|Any CPU
		{BD60EFF9-DD0D-4885-9DDA-1DC941C3E566}.Release|x86.Build.0 = Release|Any CPU
		{BD60EFF9-DD0D-4885-9DDA-1DC941C3E566}.Release|x86.Deploy.0 = Release|Any CPU
	EndGlobalSection
	GlobalSection(SolutionProperties) = preSolution
		HideSolutionNode = FALSE
	EndGlobalSection
	GlobalSection(ExtensibilityGlobals) = postSolution
		SolutionGuid = {D895CE5F-27C6-4F89-B194-D211B0B8010E}
	EndGlobalSection
EndGlobal
